
Microsoft Visual Studio Solution File, Format Version 12.00
# Visual Studio 15
VisualStudioVersion = 15.0.27004.2010
MinimumVisualStudioVersion = 10.0.40219.1
Project("{888888A0-9F3D-457C-B088-3A5042F75D52}") = "IdeInABottle", "IdeInABottle\IdeInABottle.pyproj", "{7B2B8274-84E1-4D02-923E-FE0F8DC43D9C}"
EndProject
Global
	GlobalSection(SolutionConfigurationPlatforms) = preSolution
		Debug|Any CPU = Debug|Any CPU
		Release|Any CPU = Release|Any CPU
	EndGlobalSection
	GlobalSection(ProjectConfigurationPlatforms) = postSolution
		{7B2B8274-84E1-4D02-923E-FE0F8DC43D9C}.Debug|Any CPU.ActiveCfg = Debug|Any CPU
		{7B2B8274-84E1-4D02-923E-FE0F8DC43D9C}.Debug|Any CPU.Build.0 = Debug|Any CPU
		{7B2B8274-84E1-4D02-923E-FE0F8DC43D9C}.Release|Any CPU.ActiveCfg = Release|Any CPU
		{7B2B8274-84E1-4D02-923E-FE0F8DC43D9C}.Release|Any CPU.Build.0 = Release|Any CPU
	EndGlobalSection
	GlobalSection(SolutionProperties) = preSolution
		HideSolutionNode = FALSE
	EndGlobalSection
	GlobalSection(ExtensibilityGlobals) = postSolution
		SolutionGuid = {16B61E81-490F-4D4F-B5F4-22206B75DFA2}
	EndGlobalSection
EndGlobal
